
Microsoft Visual Studio Solution File, Format Version 12.00
# Visual Studio Version 16
VisualStudioVersion = 16.0.29111.141
MinimumVisualStudioVersion = 10.0.40219.1
Project("{FAE04EC0-301F-11D3-BF4B-00C04F79EFBC}") = "InsiderTradesWpf", "InsiderTradesWpf\InsiderTradesWpf.csproj", "{84E1C3D0-02E0-4CA2-A08A-8EEBA2B50AB8}"
EndProject
Global
	GlobalSection(SolutionConfigurationPlatforms) = preSolution
		Debug|Any CPU = Debug|Any CPU
		Release|Any CPU = Release|Any CPU
	EndGlobalSection
	GlobalSection(ProjectConfigurationPlatforms) = postSolution
		{84E1C3D0-02E0-4CA2-A08A-8EEBA2B50AB8}.Debug|Any CPU.ActiveCfg = Debug|Any CPU
		{84E1C3D0-02E0-4CA2-A08A-8EEBA2B50AB8}.Debug|Any CPU.Build.0 = Debug|Any CPU
		{84E1C3D0-02E0-4CA2-A08A-8EEBA2B50AB8}.Release|Any CPU.ActiveCfg = Release|Any CPU
		{84E1C3D0-02E0-4CA2-A08A-8EEBA2B50AB8}.Release|Any CPU.Build.0 = Release|Any CPU
	EndGlobalSection
	GlobalSection(SolutionProperties) = preSolution
		HideSolutionNode = FALSE
	EndGlobalSection
	GlobalSection(ExtensibilityGlobals) = postSolution
		SolutionGuid = {D540FCD6-1101-4E62-950F-61B89ED05CF8}
	EndGlobalSection
EndGlobal
